---
lockfileVersion: 1
lockfileVendor: redhat
arches:
- arch: x86_64
  packages:
  - url: https://cdn-ubi.redhat.com/content/public/ubi/dist/ubi8/8/x86_64/appstream/os/Packages/c/clang-18.1.8-1.module+el8.10.0+22061+3612b2ba.x86_64.rpm
    repoid: ubi-8-appstream-rpms
    size: 89248
    checksum: sha256:e3d4d733730b0bf0925adf8fbf159c1ef9384aa98a49c47ad7c3adb1fd113145
    name: clang
    evr: 18.1.8-1.module+el8.10.0+22061+3612b2ba
    sourcerpm: clang-18.1.8-1.module+el8.10.0+22061+3612b2ba.src.rpm
  - url: https://cdn-ubi.redhat.com/content/public/ubi/dist/ubi8/8/x86_64/appstream/os/Packages/c/clang-libs-18.1.8-1.module+el8.10.0+22061+3612b2ba.x86_64.rpm
    repoid: ubi-8-appstream-rpms
    size: 28682524
    checksum: sha256:12840ff563009144c538eb36eb7955fab0570689b886ad7f17bcbad45d8ecb27
    name: clang-libs
    evr: 18.1.8-1.module+el8.10.0+22061+3612b2ba
    sourcerpm: clang-18.1.8-1.module+el8.10.0+22061+3612b2ba.src.rpm
  - url: https://cdn-ubi.redhat.com/content/public/ubi/dist/ubi8/8/x86_64/appstream/os/Packages/c/clang-resource-filesystem-18.1.8-1.module+el8.10.0+22061+3612b2ba.noarch.rpm
    repoid: ubi-8-appstream-rpms
    size: 16596
    checksum: sha256:b1efe65fa87ba753849063e94c744aed8e4fe645b2a1652e5c6adf9601688d1c
    name: clang-resource-filesystem
    evr: 18.1.8-1.module+el8.10.0+22061+3612b2ba
    sourcerpm: clang-18.1.8-1.module+el8.10.0+22061+3612b2ba.src.rpm
  - url: https://cdn-ubi.redhat.com/content/public/ubi/dist/ubi8/8/x86_64/appstream/os/Packages/c/cmake-3.26.5-2.el8.x86_64.rpm
    repoid: ubi-8-appstream-rpms
    size: 14287692
    checksum: sha256:e8bfb0581591a9e307484f038c87548f069c4016f957c1ad62da33e00ccb3dbd
    name: cmake
    evr: 3.26.5-2.el8
    sourcerpm: cmake-3.26.5-2.el8.src.rpm
  - url: https://cdn-ubi.redhat.com/content/public/ubi/dist/ubi8/8/x86_64/appstream/os/Packages/c/cmake-data-3.26.5-2.el8.noarch.rpm
    repoid: ubi-8-appstream-rpms
    size: 1996464
    checksum: sha256:c62da3f90f9f40b3511419ffdc7db46b210d6c8eb1570be788cd5d3aa7061cad
    name: cmake-data
    evr: 3.26.5-2.el8
    sourcerpm: cmake-3.26.5-2.el8.src.rpm
  - url: https://cdn-ubi.redhat.com/content/public/ubi/dist/ubi8/8/x86_64/appstream/os/Packages/c/cmake-filesystem-3.26.5-2.el8.x86_64.rpm
    repoid: ubi-8-appstream-rpms
    size: 46092
    checksum: sha256:28f482d269d99c25ec8320c6d358fb138c00c704315d55d7dee575d6548145b4
    name: cmake-filesystem
    evr: 3.26.5-2.el8
    sourcerpm: cmake-3.26.5-2.el8.src.rpm
  - url: https://cdn-ubi.redhat.com/content/public/ubi/dist/ubi8/8/x86_64/appstream/os/Packages/c/cmake-rpm-macros-3.26.5-2.el8.noarch.rpm
    repoid: ubi-8-appstream-rpms
    size: 45164
    checksum: sha256:2a91c1cf84fefb94dbc444edd37a5c9649544a2707db1e727244b60e9a8e3d61
    name: cmake-rpm-macros
    evr: 3.26.5-2.el8
    sourcerpm: cmake-3.26.5-2.el8.src.rpm
  - url: https://cdn-ubi.redhat.com/content/public/ubi/dist/ubi8/8/x86_64/appstream/os/Packages/c/compiler-rt-18.1.8-1.module+el8.10.0+22061+3612b2ba.x86_64.rpm
    repoid: ubi-8-appstream-rpms
    size: 3566768
    checksum: sha256:8450cbd67cab1b58043b22f7cadcba6efba973fe99cc960571531f41a3523c19
    name: compiler-rt
    evr: 18.1.8-1.module+el8.10.0+22061+3612b2ba
    sourcerpm: compiler-rt-18.1.8-1.module+el8.10.0+22061+3612b2ba.src.rpm
  - url: https://cdn-ubi.redhat.com/content/public/ubi/dist/ubi8/8/x86_64/appstream/os/Packages/c/cpp-8.5.0-22.el8_10.x86_64.rpm
    repoid: ubi-8-appstream-rpms
    size: 10923404
    checksum: sha256:8376018e552fa4544c3d10af14be5a80c962494aae4dd538848b9546ef392a98
    name: cpp
    evr: 8.5.0-22.el8_10
    sourcerpm: gcc-8.5.0-22.el8_10.src.rpm
  - url: https://cdn-ubi.redhat.com/content/public/ubi/dist/ubi8/8/x86_64/appstream/os/Packages/g/gcc-8.5.0-22.el8_10.x86_64.rpm
    repoid: ubi-8-appstream-rpms
    size: 24572708
    checksum: sha256:4d283a39969e559c70a93e26d9393e6ec0db39399595deec995f21e277c4c7b2
    name: gcc
    evr: 8.5.0-22.el8_10
    sourcerpm: gcc-8.5.0-22.el8_10.src.rpm
  - url: https://cdn-ubi.redhat.com/content/public/ubi/dist/ubi8/8/x86_64/appstream/os/Packages/g/gcc-c++-8.5.0-22.el8_10.x86_64.rpm
    repoid: ubi-8-appstream-rpms
    size: 12855236
    checksum: sha256:497393dddea700464604c6db66eaadc56d73161a1631d34fec6f0f52d4ad0a9d
    name: gcc-c++
    evr: 8.5.0-22.el8_10
    sourcerpm: gcc-8.5.0-22.el8_10.src.rpm
  - url: https://cdn-ubi.redhat.com/content/public/ubi/dist/ubi8/8/x86_64/appstream/os/Packages/g/gcc-toolset-13-binutils-2.40-21.el8.x86_64.rpm
    repoid: ubi-8-appstream-rpms
    size: 7391064
    checksum: sha256:b8ff4cc2b9fe6c6c68fa088af37530ad8d8aae87152162012a660f43f4ad4236
    name: gcc-toolset-13-binutils
    evr: 2.40-21.el8
    sourcerpm: gcc-toolset-13-binutils-2.40-21.el8.src.rpm
  - url: https://cdn-ubi.redhat.com/content/public/ubi/dist/ubi8/8/x86_64/appstream/os/Packages/g/gcc-toolset-13-binutils-gold-2.40-21.el8.x86_64.rpm
    repoid: ubi-8-appstream-rpms
    size: 1006840
    checksum: sha256:4d3174ef3a690585c7d75ce2170e11d29dfbb3c88516ce0c785406e9ef8c8695
    name: gcc-toolset-13-binutils-gold
    evr: 2.40-21.el8
    sourcerpm: gcc-toolset-13-binutils-2.40-21.el8.src.rpm
  - url: https://cdn-ubi.redhat.com/content/public/ubi/dist/ubi8/8/x86_64/appstream/os/Packages/g/gcc-toolset-13-gcc-13.3.1-2.1.el8_10.x86_64.rpm
    repoid: ubi-8-appstream-rpms
    size: 48555736
    checksum: sha256:f2fed2b832dbf69823f19ddc425824e88efa09b78c189e06b3dfae6cd5e1cac5
    name: gcc-toolset-13-gcc
    evr: 13.3.1-2.1.el8_10
    sourcerpm: gcc-toolset-13-gcc-13.3.1-2.1.el8_10.src.rpm
  - url: https://cdn-ubi.redhat.com/content/public/ubi/dist/ubi8/8/x86_64/appstream/os/Packages/g/gcc-toolset-13-gcc-c++-13.3.1-2.1.el8_10.x86_64.rpm
    repoid: ubi-8-appstream-rpms
    size: 14689660
    checksum: sha256:db63c0645f9fc1b4145936330161d645fa5007a1d699fc1a0629c387cabb0180
    name: gcc-toolset-13-gcc-c++
    evr: 13.3.1-2.1.el8_10
    sourcerpm: gcc-toolset-13-gcc-13.3.1-2.1.el8_10.src.rpm
  - url: https://cdn-ubi.redhat.com/content/public/ubi/dist/ubi8/8/x86_64/appstream/os/Packages/g/gcc-toolset-13-libstdc++-devel-13.3.1-2.1.el8_10.x86_64.rpm
    repoid: ubi-8-appstream-rpms
    size: 3824376
    checksum: sha256:0b7f7dd08387f7488e27f90d4ae7e8db391b484d3645064c36bc6ee08879f889
    name: gcc-toolset-13-libstdc++-devel
    evr: 13.3.1-2.1.el8_10
    sourcerpm: gcc-toolset-13-gcc-13.3.1-2.1.el8_10.src.rpm
  - url: https://cdn-ubi.redhat.com/content/public/ubi/dist/ubi8/8/x86_64/appstream/os/Packages/g/gcc-toolset-13-runtime-13.0-2.el8.x86_64.rpm
    repoid: ubi-8-appstream-rpms
    size: 28940
    checksum: sha256:6466ffea737bd373af85d1642d70c066e4ebc4e0c518cc5028972665904996bd
    name: gcc-toolset-13-runtime
    evr: 13.0-2.el8
    sourcerpm: gcc-toolset-13-13.0-2.el8.src.rpm
  - url: https://cdn-ubi.redhat.com/content/public/ubi/dist/ubi8/8/x86_64/appstream/os/Packages/g/git-2.43.5-1.el8_10.x86_64.rpm
    repoid: ubi-8-appstream-rpms
    size: 94572
    checksum: sha256:790d88e719568543468ea5787baeb7a29929d3c089343388b3e8a8f297cb74d2
    name: git
    evr: 2.43.5-1.el8_10
    sourcerpm: git-2.43.5-1.el8_10.src.rpm
  - url: https://cdn-ubi.redhat.com/content/public/ubi/dist/ubi8/8/x86_64/appstream/os/Packages/g/git-core-2.43.5-1.el8_10.x86_64.rpm
    repoid: ubi-8-appstream-rpms
    size: 11623996
    checksum: sha256:2cd53240da88b94667e6bb9f02ed3da009a5eee614bfdde6a5d8d17c9e52242c
    name: git-core
    evr: 2.43.5-1.el8_10
    sourcerpm: git-2.43.5-1.el8_10.src.rpm
  - url: https://cdn-ubi.redhat.com/content/public/ubi/dist/ubi8/8/x86_64/appstream/os/Packages/g/git-core-doc-2.43.5-1.el8_10.noarch.rpm
    repoid: ubi-8-appstream-rpms
    size: 3213948
    checksum: sha256:8964c428be1e4d29bcdb7dab21928fdae8e9dec175d16aad5261f65fa221c95a
    name: git-core-doc
    evr: 2.43.5-1.el8_10
    sourcerpm: git-2.43.5-1.el8_10.src.rpm
  - url: https://cdn-ubi.redhat.com/content/public/ubi/dist/ubi8/8/x86_64/appstream/os/Packages/i/isl-0.16.1-6.el8.x86_64.rpm
    repoid: ubi-8-appstream-rpms
    size: 861300
    checksum: sha256:67e906b7bf52efc411fcf86568a90d6bf580242a7dc2b2fff813f0864492c7ea
    name: isl
    evr: 0.16.1-6.el8
    sourcerpm: isl-0.16.1-6.el8.src.rpm
  - url: https://cdn-ubi.redhat.com/content/public/ubi/dist/ubi8/8/x86_64/appstream/os/Packages/l/libmpc-1.1.0-9.1.el8.x86_64.rpm
    repoid: ubi-8-appstream-rpms
    size: 62440
    checksum: sha256:230146e73dbaa1a259c2d8f1fbb10026c1726ebf2f14ef7e7e7957eb27b97ae9
    name: libmpc
    evr: 1.1.0-9.1.el8
    sourcerpm: libmpc-1.1.0-9.1.el8.src.rpm
  - url: https://cdn-ubi.redhat.com/content/public/ubi/dist/ubi8/8/x86_64/appstream/os/Packages/l/libomp-18.1.8-1.module+el8.10.0+22061+3612b2ba.x86_64.rpm
    repoid: ubi-8-appstream-rpms
    size: 750212
    checksum: sha256:3630915f83bbd5a91ad143815c32c3a12e2b8960393c661054b6efff858e4df9
    name: libomp
    evr: 18.1.8-1.module+el8.10.0+22061+3612b2ba
    sourcerpm: libomp-18.1.8-1.module+el8.10.0+22061+3612b2ba.src.rpm
  - url: https://cdn-ubi.redhat.com/content/public/ubi/dist/ubi8/8/x86_64/appstream/os/Packages/l/libomp-devel-18.1.8-1.module+el8.10.0+22061+3612b2ba.x86_64.rpm
    repoid: ubi-8-appstream-rpms
    size: 553248
    checksum: sha256:2dde87eb128a7339beb1cbc391e98a32929e9c756dca99e53f1adeff75e4b4e7
    name: libomp-devel
    evr: 18.1.8-1.module+el8.10.0+22061+3612b2ba
    sourcerpm: libomp-18.1.8-1.module+el8.10.0+22061+3612b2ba.src.rpm
  - url: https://cdn-ubi.redhat.com/content/public/ubi/dist/ubi8/8/x86_64/appstream/os/Packages/l/libstdc++-devel-8.5.0-22.el8_10.x86_64.rpm
    repoid: ubi-8-appstream-rpms
    size: 2151724
    checksum: sha256:0ebaa9bca285fb80a8656a9c5f35f459243774b01b8ed76f29b6a9c74b1af1d9
    name: libstdc++-devel
    evr: 8.5.0-22.el8_10
    sourcerpm: gcc-8.5.0-22.el8_10.src.rpm
  - url: https://cdn-ubi.redhat.com/content/public/ubi/dist/ubi8/8/x86_64/appstream/os/Packages/l/libuv-1.41.1-2.el8_10.x86_64.rpm
    repoid: ubi-8-appstream-rpms
    size: 160112
    checksum: sha256:b94bcac9a187165aca7cff0d76b1a23ddce8948c9826f8b04de6ccf2e80974d5
    name: libuv
    evr: 1:1.41.1-2.el8_10
    sourcerpm: libuv-1.41.1-2.el8_10.src.rpm
  - url: https://cdn-ubi.redhat.com/content/public/ubi/dist/ubi8/8/x86_64/appstream/os/Packages/l/llvm-libs-18.1.8-3.module+el8.10.0+22393+9aa055f1.x86_64.rpm
    repoid: ubi-8-appstream-rpms
    size: 31718280
    checksum: sha256:5b73f81286678c7bd1f8b6154b0a17f3dbfe8c2e5aa137ff4298a0dd644dc83e
    name: llvm-libs
    evr: 18.1.8-3.module+el8.10.0+22393+9aa055f1
    sourcerpm: llvm-18.1.8-3.module+el8.10.0+22393+9aa055f1.src.rpm
  - url: https://cdn-ubi.redhat.com/content/public/ubi/dist/ubi8/8/x86_64/appstream/os/Packages/p/perl-Digest-1.17-395.el8.noarch.rpm
    repoid: ubi-8-appstream-rpms
    size: 27624
    checksum: sha256:9e90e6054da06f5c8c2733c3b66987693a58ddc1f05d95b23ca0a464e26a2b22
    name: perl-Digest
    evr: 1.17-395.el8
    sourcerpm: perl-Digest-1.17-395.el8.src.rpm
  - url: https://cdn-ubi.redhat.com/content/public/ubi/dist/ubi8/8/x86_64/appstream/os/Packages/p/perl-Digest-MD5-2.55-396.el8.x86_64.rpm
    repoid: ubi-8-appstream-rpms
    size: 37880
    checksum: sha256:83ffd804a5c0ac401ea30620a563a57bbfd2eb1f16cbc6813b7ea22303ac9f53
    name: perl-Digest-MD5
    evr: 2.55-396.el8
    sourcerpm: perl-Digest-MD5-2.55-396.el8.src.rpm
  - url: https://cdn-ubi.redhat.com/content/public/ubi/dist/ubi8/8/x86_64/appstream/os/Packages/p/perl-Error-0.17025-2.el8.noarch.rpm
    repoid: ubi-8-appstream-rpms
    size: 47160
    checksum: sha256:a6ba7653293a529eddb0245935f26091e2fef58e1d479297056e78a4424acd92
    name: perl-Error
    evr: 1:0.17025-2.el8
    sourcerpm: perl-Error-0.17025-2.el8.src.rpm
  - url: https://cdn-ubi.redhat.com/content/public/ubi/dist/ubi8/8/x86_64/appstream/os/Packages/p/perl-Git-2.43.5-1.el8_10.noarch.rpm
    repoid: ubi-8-appstream-rpms
    size: 80808
    checksum: sha256:084a4cf8531b3c09aeab819bb8c27e500e65520ce09308abd801c556eb8ebe77
    name: perl-Git
    evr: 2.43.5-1.el8_10
    sourcerpm: git-2.43.5-1.el8_10.src.rpm
  - url: https://cdn-ubi.redhat.com/content/public/ubi/dist/ubi8/8/x86_64/appstream/os/Packages/p/perl-IO-Socket-IP-0.39-5.el8.noarch.rpm
    repoid: ubi-8-appstream-rpms
    size: 47972
    checksum: sha256:7519f2af362827daecf105e1dccb551350f32dfd3f6a8a85bf6eb1b4b7788255
    name: perl-IO-Socket-IP
    evr: 0.39-5.el8
    sourcerpm: perl-IO-Socket-IP-0.39-5.el8.src.rpm
  - url: https://cdn-ubi.redhat.com/content/public/ubi/dist/ubi8/8/x86_64/appstream/os/Packages/p/perl-IO-Socket-SSL-2.066-4.module+el8.3.0+6446+594cad75.noarch.rpm
    repoid: ubi-8-appstream-rpms
    size: 304826
    checksum: sha256:e82ab03c8a19f40df7f1eee34786246562ba4f5d5876ce77736ecde219006cf4
    name: perl-IO-Socket-SSL
    evr: 2.066-4.module+el8.3.0+6446+594cad75
    sourcerpm: perl-IO-Socket-SSL-2.066-4.module+el8.3.0+6446+594cad75.src.rpm
  - url: https://cdn-ubi.redhat.com/content/public/ubi/dist/ubi8/8/x86_64/appstream/os/Packages/p/perl-Mozilla-CA-20160104-7.module+el8.3.0+6498+9eecfe51.noarch.rpm
    repoid: ubi-8-appstream-rpms
    size: 15771
    checksum: sha256:d2593772ce32d37483f61d254990c31e3548ab504c793b95e8f4603a5040032b
    name: perl-Mozilla-CA
    evr: 20160104-7.module+el8.3.0+6498+9eecfe51
    sourcerpm: perl-Mozilla-CA-20160104-7.module+el8.3.0+6498+9eecfe51.src.rpm
  - url: https://cdn-ubi.redhat.com/content/public/ubi/dist/ubi8/8/x86_64/appstream/os/Packages/p/perl-Net-SSLeay-1.88-2.module+el8.6.0+13392+f0897f98.x86_64.rpm
    repoid: ubi-8-appstream-rpms
    size: 388290
    checksum: sha256:290312d4dd2d24f0c42235a50512d5a7d23018a0ef12eb54907aa8f88cc22fb3
    name: perl-Net-SSLeay
    evr: 1.88-2.module+el8.6.0+13392+f0897f98
    sourcerpm: perl-Net-SSLeay-1.88-2.module+el8.6.0+13392+f0897f98.src.rpm
  - url: https://cdn-ubi.redhat.com/content/public/ubi/dist/ubi8/8/x86_64/appstream/os/Packages/p/perl-TermReadKey-2.37-7.el8.x86_64.rpm
    repoid: ubi-8-appstream-rpms
    size: 41200
    checksum: sha256:ea22b60430f762e2b8e2d5697522af1aa937ea0b933c6dbe5b5a8ca4f2b7dbd6
    name: perl-TermReadKey
    evr: 2.37-7.el8
    sourcerpm: perl-TermReadKey-2.37-7.el8.src.rpm
  - url: https://cdn-ubi.redhat.com/content/public/ubi/dist/ubi8/8/x86_64/appstream/os/Packages/p/perl-URI-1.73-3.el8.noarch.rpm
    repoid: ubi-8-appstream-rpms
    size: 118948
    checksum: sha256:dd6a948e5a656701156c618e202c0b6defd11ba6f162b6790cbb42cea15141ae
    name: perl-URI
    evr: 1.73-3.el8
    sourcerpm: perl-URI-1.73-3.el8.src.rpm
  - url: https://cdn-ubi.redhat.com/content/public/ubi/dist/ubi8/8/x86_64/appstream/os/Packages/p/perl-libnet-3.11-3.el8.noarch.rpm
    repoid: ubi-8-appstream-rpms
    size: 123808
    checksum: sha256:81afd309f084c91d68c06bd46a4fce2e0d1e265a01ff87e309d1202e711e4a02
    name: perl-libnet
    evr: 3.11-3.el8
    sourcerpm: perl-libnet-3.11-3.el8.src.rpm
  - url: https://cdn-ubi.redhat.com/content/public/ubi/dist/ubi8/8/x86_64/appstream/os/Packages/p/python3-pip-9.0.3-24.el8.noarch.rpm
    repoid: ubi-8-appstream-rpms
    size: 20864
    checksum: sha256:483d2fcaa3ff602bc9eacc6b6f12370212d4eff6c3cc5fbd6cbc3bb9774f7bc0
    name: python3-pip
    evr: 9.0.3-24.el8
    sourcerpm: python-pip-9.0.3-24.el8.src.rpm
  - url: https://cdn-ubi.redhat.com/content/public/ubi/dist/ubi8/8/x86_64/appstream/os/Packages/p/python36-3.6.8-39.module+el8.10.0+20784+edafcd43.x86_64.rpm
    repoid: ubi-8-appstream-rpms
    size: 20010
    checksum: sha256:ae70c3563e01ae72274faa79215cd6b8d1aecec126a7ee598277998f64c4c804
    name: python36
    evr: 3.6.8-39.module+el8.10.0+20784+edafcd43
    sourcerpm: python36-3.6.8-39.module+el8.10.0+20784+edafcd43.src.rpm
  - url: https://cdn-ubi.redhat.com/content/public/ubi/dist/ubi8/8/x86_64/appstream/os/Packages/s/scl-utils-2.0.2-16.el8.x86_64.rpm
    repoid: ubi-8-appstream-rpms
    size: 48428
    checksum: sha256:23e4d42b9304bcc22c1866d93c837967664535937491c5998d12f5c5c4e43013
    name: scl-utils
    evr: 1:2.0.2-16.el8
    sourcerpm: scl-utils-2.0.2-16.el8.src.rpm
  - url: https://cdn-ubi.redhat.com/content/public/ubi/dist/ubi8/8/x86_64/appstream/os/Packages/v/vim-filesystem-8.0.1763-19.el8_6.4.noarch.rpm
    repoid: ubi-8-appstream-rpms
    size: 51660
    checksum: sha256:9507b5f76eba9e4cf0e08d736c9093144a9040f649e974dcc79043e9c1e937b4
    name: vim-filesystem
    evr: 2:8.0.1763-19.el8_6.4
    sourcerpm: vim-8.0.1763-19.el8_6.4.src.rpm
  - url: https://cdn-ubi.redhat.com/content/public/ubi/dist/ubi8/8/x86_64/baseos/os/Packages/b/binutils-2.30-123.el8.x86_64.rpm
    repoid: ubi-8-baseos-rpms
    size: 6094684
    checksum: sha256:320e7c22d9e27726827d278ca4f585bd6980bff530d8d7c9d759199625cd29f6
    name: binutils
    evr: 2.30-123.el8
    sourcerpm: binutils-2.30-123.el8.src.rpm
  - url: https://cdn-ubi.redhat.com/content/public/ubi/dist/ubi8/8/x86_64/baseos/os/Packages/c/checkpolicy-2.9-1.el8.x86_64.rpm
    repoid: ubi-8-baseos-rpms
    size: 354036
    checksum: sha256:a8808c053ffb7ccf826d80fdd458b6521f2cc63e55eb90d79a504fbb66c36cb0
    name: checkpolicy
    evr: 2.9-1.el8
    sourcerpm: checkpolicy-2.9-1.el8.src.rpm
  - url: https://cdn-ubi.redhat.com/content/public/ubi/dist/ubi8/8/x86_64/baseos/os/Packages/d/diffutils-3.6-6.el8.x86_64.rpm
    repoid: ubi-8-baseos-rpms
    size: 367420
    checksum: sha256:f7fc94ac5b5df2051aa2811c0cebecd7e04353ac871f1a792bc6c68f2c2aa6ce
    name: diffutils
    evr: 3.6-6.el8
    sourcerpm: diffutils-3.6-6.el8.src.rpm
  - url: https://cdn-ubi.redhat.com/content/public/ubi/dist/ubi8/8/x86_64/baseos/os/Packages/e/elfutils-debuginfod-client-0.190-2.el8.x86_64.rpm
    repoid: ubi-8-baseos-rpms
    size: 77672
    checksum: sha256:51719dfe1f9b9bc7570beb4e47d79dec1d5307680adb2b0debd7c266604e4e8d
    name: elfutils-debuginfod-client
    evr: 0.190-2.el8
    sourcerpm: elfutils-0.190-2.el8.src.rpm
  - url: https://cdn-ubi.redhat.com/content/public/ubi/dist/ubi8/8/x86_64/baseos/os/Packages/e/emacs-filesystem-26.1-12.el8_10.noarch.rpm
    repoid: ubi-8-baseos-rpms
    size: 72144
    checksum: sha256:83f842706ba2a5e028183cea592e4666d031f33e040b560e10a957e71988112b
    name: emacs-filesystem
    evr: 1:26.1-12.el8_10
    sourcerpm: emacs-26.1-12.el8_10.src.rpm
  - url: https://cdn-ubi.redhat.com/content/public/ubi/dist/ubi8/8/x86_64/baseos/os/Packages/e/environment-modules-4.5.2-4.el8.x86_64.rpm
    repoid: ubi-8-baseos-rpms
    size: 431996
    checksum: sha256:a6eea5adb1f41da10238eefd0f2e9ba1bcfbb845b3d81e81f7ea11520fb6c858
    name: environment-modules
    evr: 4.5.2-4.el8
    sourcerpm: environment-modules-4.5.2-4.el8.src.rpm
  - url: https://cdn-ubi.redhat.com/content/public/ubi/dist/ubi8/8/x86_64/baseos/os/Packages/g/glibc-2.28-251.el8_10.5.x86_64.rpm
    repoid: ubi-8-baseos-rpms
    size: 2355264
    checksum: sha256:cce1cf96e7a5a8beb177c9c3ea6920fca75ca19619509b1cc057c985fb91f881
    name: glibc
    evr: 2.28-251.el8_10.5
    sourcerpm: glibc-2.28-251.el8_10.5.src.rpm
  - url: https://cdn-ubi.redhat.com/content/public/ubi/dist/ubi8/8/x86_64/baseos/os/Packages/g/glibc-common-2.28-251.el8_10.5.x86_64.rpm
    repoid: ubi-8-baseos-rpms
    size: 1050728
    checksum: sha256:7e6cdf20ce7537b0f740988701baa5e85dff2b6bbe2d4d087b689e9a42186629
    name: glibc-common
    evr: 2.28-251.el8_10.5
    sourcerpm: glibc-2.28-251.el8_10.5.src.rpm
  - url: https://cdn-ubi.redhat.com/content/public/ubi/dist/ubi8/8/x86_64/baseos/os/Packages/g/glibc-devel-2.28-251.el8_10.5.x86_64.rpm
    repoid: ubi-8-baseos-rpms
    size: 89952
    checksum: sha256:ca57721f915d9382e23b413df45ef7f6324ca343f4d816547571dd0295aaa340
    name: glibc-devel
    evr: 2.28-251.el8_10.5
    sourcerpm: glibc-2.28-251.el8_10.5.src.rpm
  - url: https://cdn-ubi.redhat.com/content/public/ubi/dist/ubi8/8/x86_64/baseos/os/Packages/g/glibc-headers-2.28-251.el8_10.5.x86_64.rpm
    repoid: ubi-8-baseos-rpms
    size: 504588
    checksum: sha256:2415edb9350a68f5a3dc597de39d40536285361fe9ecfd58dfdc2813bfc003ca
    name: glibc-headers
    evr: 2.28-251.el8_10.5
    sourcerpm: glibc-2.28-251.el8_10.5.src.rpm
  - url: https://cdn-ubi.redhat.com/content/public/ubi/dist/ubi8/8/x86_64/baseos/os/Packages/g/glibc-langpack-en-2.28-251.el8_10.5.x86_64.rpm
    repoid: ubi-8-baseos-rpms
    size: 851188
    checksum: sha256:6a226f90488abc1914e643fed21dab12a3c7555c63a9584255c3aba9fc59af75
    name: glibc-langpack-en
    evr: 2.28-251.el8_10.5
    sourcerpm: glibc-2.28-251.el8_10.5.src.rpm
  - url: https://cdn-ubi.redhat.com/content/public/ubi/dist/ubi8/8/x86_64/baseos/os/Packages/g/glibc-minimal-langpack-2.28-251.el8_10.5.x86_64.rpm
    repoid: ubi-8-baseos-rpms
    size: 71404
    checksum: sha256:75837cfef70504c24d758cbbfeef8aa7ce547e3a19a68df82d725f57f624b281
    name: glibc-minimal-langpack
    evr: 2.28-251.el8_10.5
    sourcerpm: glibc-2.28-251.el8_10.5.src.rpm
  - url: https://cdn-ubi.redhat.com/content/public/ubi/dist/ubi8/8/x86_64/baseos/os/Packages/g/groff-base-1.22.3-18.el8.x86_64.rpm
    repoid: ubi-8-baseos-rpms
    size: 1069536
    checksum: sha256:73c29baa2cd94f1ae6a1d1333818969a281b16dd4262f413ad284c5333719a4d
    name: groff-base
    evr: 1.22.3-18.el8
    sourcerpm: groff-1.22.3-18.el8.src.rpm
  - url: https://cdn-ubi.redhat.com/content/public/ubi/dist/ubi8/8/x86_64/baseos/os/Packages/j/jansson-2.14-1.el8.x86_64.rpm
    repoid: ubi-8-baseos-rpms
    size: 48556
    checksum: sha256:07ce753de89c0f6cc82ee926100777bdd0c91cb3d3ee9315cd8d93320875e66c
    name: jansson
    evr: 2.14-1.el8
    sourcerpm: jansson-2.14-1.el8.src.rpm
  - url: https://cdn-ubi.redhat.com/content/public/ubi/dist/ubi8/8/x86_64/baseos/os/Packages/k/kernel-headers-4.18.0-553.27.1.el8_10.x86_64.rpm
    repoid: ubi-8-baseos-rpms
    size: 12390840
    checksum: sha256:1c113dca5fc8e056fefa2c959421fd891b2ddffa79696e8020904b540597a181
    name: kernel-headers
    evr: 4.18.0-553.27.1.el8_10
    sourcerpm: kernel-4.18.0-553.27.1.el8_10.src.rpm
  - url: https://cdn-ubi.redhat.com/content/public/ubi/dist/ubi8/8/x86_64/baseos/os/Packages/l/less-530-3.el8_10.x86_64.rpm
    repoid: ubi-8-baseos-rpms
    size: 168216
    checksum: sha256:e459a0babd293f436fcf14d3ca98f2bcf18b40b0345aa97d9cf9813159a1f6d6
    name: less
    evr: 530-3.el8_10
    sourcerpm: less-530-3.el8_10.src.rpm
  - url: https://cdn-ubi.redhat.com/content/public/ubi/dist/ubi8/8/x86_64/baseos/os/Packages/l/libedit-3.1-23.20170329cvs.el8.x86_64.rpm
    repoid: ubi-8-baseos-rpms
    size: 104512
    checksum: sha256:0391105afa53c9503b59591615bd7c98e2f7a4cd94ff4fd1451c4234522f3880
    name: libedit
    evr: 3.1-23.20170329cvs.el8
    sourcerpm: libedit-3.1-23.20170329cvs.el8.src.rpm
  - url: https://cdn-ubi.redhat.com/content/public/ubi/dist/ubi8/8/x86_64/baseos/os/Packages/l/libgomp-8.5.0-22.el8_10.x86_64.rpm
    repoid: ubi-8-baseos-rpms
    size: 213196
    checksum: sha256:87e721009e53e5f1b1d6c1ff2f3c1cc07a68dd43e896cfda1e96cd49949145be
    name: libgomp
    evr: 8.5.0-22.el8_10
    sourcerpm: gcc-8.5.0-22.el8_10.src.rpm
  - url: https://cdn-ubi.redhat.com/content/public/ubi/dist/ubi8/8/x86_64/baseos/os/Packages/l/libpipeline-1.5.0-2.el8.x86_64.rpm
    repoid: ubi-8-baseos-rpms
    size: 55776
    checksum: sha256:539abfc369a17023658486f7b4a48c8db159cc4d617b27da256ddac6e15ea687
    name: libpipeline
    evr: 1.5.0-2.el8
    sourcerpm: libpipeline-1.5.0-2.el8.src.rpm
  - url: https://cdn-ubi.redhat.com/content/public/ubi/dist/ubi8/8/x86_64/baseos/os/Packages/l/libselinux-utils-2.9-8.el8.x86_64.rpm
    repoid: ubi-8-baseos-rpms
    size: 248872
    checksum: sha256:065a020f6ca8efae1186cc7ba2d9b708a89c6cd54e6f112760d50fe682fffbed
    name: libselinux-utils
    evr: 2.9-8.el8
    sourcerpm: libselinux-2.9-8.el8.src.rpm
  - url: https://cdn-ubi.redhat.com/content/public/ubi/dist/ubi8/8/x86_64/baseos/os/Packages/l/libxcrypt-devel-4.1.1-6.el8.x86_64.rpm
    repoid: ubi-8-baseos-rpms
    size: 25844
    checksum: sha256:f747e081cde1b64bd018e858928aa45dd3b160e6493f8b9c35488a19b6783a84
    name: libxcrypt-devel
    evr: 4.1.1-6.el8
    sourcerpm: libxcrypt-4.1.1-6.el8.src.rpm
  - url: https://cdn-ubi.redhat.com/content/public/ubi/dist/ubi8/8/x86_64/baseos/os/Packages/m/make-4.2.1-11.el8.x86_64.rpm
    repoid: ubi-8-baseos-rpms
    size: 509756
    checksum: sha256:0e4e8e667208c6f9b01c7289269e8b0274984359111173a751b67b7c7d47ffec
    name: make
    evr: 1:4.2.1-11.el8
    sourcerpm: make-4.2.1-11.el8.src.rpm
  - url: https://cdn-ubi.redhat.com/content/public/ubi/dist/ubi8/8/x86_64/baseos/os/Packages/m/man-db-2.7.6.1-18.el8.x86_64.rpm
    repoid: ubi-8-baseos-rpms
    size: 908308
    checksum: sha256:4ba395fa52087932606da98e076eb94b8d766ee11d0a60bc09bc8bd57ff6e479
    name: man-db
    evr: 2.7.6.1-18.el8
    sourcerpm: man-db-2.7.6.1-18.el8.src.rpm
  - url: https://cdn-ubi.redhat.com/content/public/ubi/dist/ubi8/8/x86_64/baseos/os/Packages/n/ncurses-6.1-10.20180224.el8.x86_64.rpm
    repoid: ubi-8-baseos-rpms
    size: 396400
    checksum: sha256:998836898721566d3ff94e6d8babada71cc3635169c0763f4b53afabc5446fa1
    name: ncurses
    evr: 6.1-10.20180224.el8
    sourcerpm: ncurses-6.1-10.20180224.el8.src.rpm
  - url: https://cdn-ubi.redhat.com/content/public/ubi/dist/ubi8/8/x86_64/baseos/os/Packages/o/openssh-8.0p1-25.el8_10.x86_64.rpm
    repoid: ubi-8-baseos-rpms
    size: 538364
    checksum: sha256:5a907994ecbd9800a83ffcd9be24fdfe5a8da79784eb14b5a63ac4b30f5da83b
    name: openssh
    evr: 8.0p1-25.el8_10
    sourcerpm: openssh-8.0p1-25.el8_10.src.rpm
  - url: https://cdn-ubi.redhat.com/content/public/ubi/dist/ubi8/8/x86_64/baseos/os/Packages/o/openssh-clients-8.0p1-25.el8_10.x86_64.rpm
    repoid: ubi-8-baseos-rpms
    size: 661916
    checksum: sha256:ddce4aeedd5f387aeaa4f0f63e79b2288cc456859af502500d78c6270d1d84b5
    name: openssh-clients
    evr: 8.0p1-25.el8_10
    sourcerpm: openssh-8.0p1-25.el8_10.src.rpm
  - url: https://cdn-ubi.redhat.com/content/public/ubi/dist/ubi8/8/x86_64/baseos/os/Packages/o/openssl-1.1.1k-14.el8_6.x86_64.rpm
    repoid: ubi-8-baseos-rpms
    size: 728108
    checksum: sha256:a8e4ff3346cfa24713f54d2a9e2b53ad7f3c9d84a6c639ba2150b7cb09550af0
    name: openssl
    evr: 1:1.1.1k-14.el8_6
    sourcerpm: openssl-1.1.1k-14.el8_6.src.rpm
  - url: https://cdn-ubi.redhat.com/content/public/ubi/dist/ubi8/8/x86_64/baseos/os/Packages/o/openssl-libs-1.1.1k-14.el8_6.x86_64.rpm
    repoid: ubi-8-baseos-rpms
    size: 1542788
    checksum: sha256:5c87e7ec6269dbe1ec4922adc4016b5117fd5ecf8177015e76f471699f0de5f1
    name: openssl-libs
    evr: 1:1.1.1k-14.el8_6
    sourcerpm: openssl-1.1.1k-14.el8_6.src.rpm
  - url: https://cdn-ubi.redhat.com/content/public/ubi/dist/ubi8/8/x86_64/baseos/os/Packages/p/patch-2.7.6-11.el8.x86_64.rpm
    repoid: ubi-8-baseos-rpms
    size: 141384
    checksum: sha256:7962e7045eb9f550a7e0e385ebecb831c679b8a844354e05f53aec3c10cd3f31
    name: patch
    evr: 2.7.6-11.el8
    sourcerpm: patch-2.7.6-11.el8.src.rpm
  - url: https://cdn-ubi.redhat.com/content/public/ubi/dist/ubi8/8/x86_64/baseos/os/Packages/p/perl-Carp-1.42-396.el8.noarch.rpm
    repoid: ubi-8-baseos-rpms
    size: 30928
    checksum: sha256:77066ee655df356370b5d6d736d96835f5712f8e814dfc46b391ecaef9cdd19b
    name: perl-Carp
    evr: 1.42-396.el8
    sourcerpm: perl-Carp-1.42-396.el8.src.rpm
  - url: https://cdn-ubi.redhat.com/content/public/ubi/dist/ubi8/8/x86_64/baseos/os/Packages/p/perl-Data-Dumper-2.167-399.el8.x86_64.rpm
    repoid: ubi-8-baseos-rpms
    size: 59400
    checksum: sha256:07820bf56fb684093cebe7f0be962785dd918e71082201eed45eae2cefc30669
    name: perl-Data-Dumper
    evr: 2.167-399.el8
    sourcerpm: perl-Data-Dumper-2.167-399.el8.src.rpm
  - url: https://cdn-ubi.redhat.com/content/public/ubi/dist/ubi8/8/x86_64/baseos/os/Packages/p/perl-Encode-2.97-3.el8.x86_64.rpm
    repoid: ubi-8-baseos-rpms
    size: 1545496
    checksum: sha256:5662a18ee7856572448295b688c12c2378a3f9fb830d1703da4c8491416b2586
    name: perl-Encode
    evr: 4:2.97-3.el8
    sourcerpm: perl-Encode-2.97-3.el8.src.rpm
  - url: https://cdn-ubi.redhat.com/content/public/ubi/dist/ubi8/8/x86_64/baseos/os/Packages/p/perl-Errno-1.28-422.el8.x86_64.rpm
    repoid: ubi-8-baseos-rpms
    size: 78368
    checksum: sha256:b077b72ea9761dfd6a6d53a88ad1c2ef81c91698e6730fe4da802c93515140e5
    name: perl-Errno
    evr: 1.28-422.el8
    sourcerpm: perl-5.26.3-422.el8.src.rpm
  - url: https://cdn-ubi.redhat.com/content/public/ubi/dist/ubi8/8/x86_64/baseos/os/Packages/p/perl-Exporter-5.72-396.el8.noarch.rpm
    repoid: ubi-8-baseos-rpms
    size: 34844
    checksum: sha256:7c385e32c12b2639232f74a5dfdfef86daf82e5418bc292c5ab2640fb5cf46dc
    name: perl-Exporter
    evr: 5.72-396.el8
    sourcerpm: perl-Exporter-5.72-396.el8.src.rpm
  - url: https://cdn-ubi.redhat.com/content/public/ubi/dist/ubi8/8/x86_64/baseos/os/Packages/p/perl-File-Path-2.15-2.el8.noarch.rpm
    repoid: ubi-8-baseos-rpms
    size: 39036
    checksum: sha256:d906b13d5dd7a5595133e2a1af83ae17a1aae0c107579db723d21ec4371f3570
    name: perl-File-Path
    evr: 2.15-2.el8
    sourcerpm: perl-File-Path-2.15-2.el8.src.rpm
  - url: https://cdn-ubi.redhat.com/content/public/ubi/dist/ubi8/8/x86_64/baseos/os/Packages/p/perl-File-Temp-0.230.600-1.el8.noarch.rpm
    repoid: ubi-8-baseos-rpms
    size: 64104
    checksum: sha256:537059f8a2598f7b364693aec72f67f1a954c525b381139f736d75edbf19aa12
    name: perl-File-Temp
    evr: 0.230.600-1.el8
    sourcerpm: perl-File-Temp-0.230.600-1.el8.src.rpm
  - url: https://cdn-ubi.redhat.com/content/public/ubi/dist/ubi8/8/x86_64/baseos/os/Packages/p/perl-Getopt-Long-2.50-4.el8.noarch.rpm
    repoid: ubi-8-baseos-rpms
    size: 64468
    checksum: sha256:2976f2c007ac981a70e414960cd7426f446ebc8a0bf8feae7a6ece06c63ffefb
    name: perl-Getopt-Long
    evr: 1:2.50-4.el8
    sourcerpm: perl-Getopt-Long-2.50-4.el8.src.rpm
  - url: https://cdn-ubi.redhat.com/content/public/ubi/dist/ubi8/8/x86_64/baseos/os/Packages/p/perl-HTTP-Tiny-0.074-3.el8.noarch.rpm
    repoid: ubi-8-baseos-rpms
    size: 60116
    checksum: sha256:79e049eb0c62f528632082e1a3b9b25e2f686d5e6d3b6fed1ca2c33989b77c95
    name: perl-HTTP-Tiny
    evr: 0.074-3.el8
    sourcerpm: perl-HTTP-Tiny-0.074-3.el8.src.rpm
  - url: https://cdn-ubi.redhat.com/content/public/ubi/dist/ubi8/8/x86_64/baseos/os/Packages/p/perl-IO-1.38-422.el8.x86_64.rpm
    repoid: ubi-8-baseos-rpms
    size: 145752
    checksum: sha256:61c1eb74dcdbff918676bdf1ee3b7dec14f6cf3201c88b96e62e2e92cb4b3410
    name: perl-IO
    evr: 1.38-422.el8
    sourcerpm: perl-5.26.3-422.el8.src.rpm
  - url: https://cdn-ubi.redhat.com/content/public/ubi/dist/ubi8/8/x86_64/baseos/os/Packages/p/perl-MIME-Base64-3.15-396.el8.x86_64.rpm
    repoid: ubi-8-baseos-rpms
    size: 31396
    checksum: sha256:78c75125187f1f8d66a6106ea7b07e8cf2b57c18bf85f6dd888842464b128a5c
    name: perl-MIME-Base64
    evr: 3.15-396.el8
    sourcerpm: perl-MIME-Base64-3.15-396.el8.src.rpm
  - url: https://cdn-ubi.redhat.com/content/public/ubi/dist/ubi8/8/x86_64/baseos/os/Packages/p/perl-PathTools-3.74-1.el8.x86_64.rpm
    repoid: ubi-8-baseos-rpms
    size: 92196
    checksum: sha256:0e5d51dc3249aa800150bac70d394ad650dc509bebbec35446494f86cd92aecc
    name: perl-PathTools
    evr: 3.74-1.el8
    sourcerpm: perl-PathTools-3.74-1.el8.src.rpm
  - url: https://cdn-ubi.redhat.com/content/public/ubi/dist/ubi8/8/x86_64/baseos/os/Packages/p/perl-Pod-Escapes-1.07-395.el8.noarch.rpm
    repoid: ubi-8-baseos-rpms
    size: 20980
    checksum: sha256:21b1497d132a52c93129700d58c44ba8c36af8da1bbd23fb408c00c3117c1012
    name: perl-Pod-Escapes
    evr: 1:1.07-395.el8
    sourcerpm: perl-Pod-Escapes-1.07-395.el8.src.rpm
  - url: https://cdn-ubi.redhat.com/content/public/ubi/dist/ubi8/8/x86_64/baseos/os/Packages/p/perl-Pod-Perldoc-3.28-396.el8.noarch.rpm
    repoid: ubi-8-baseos-rpms
    size: 90248
    checksum: sha256:a660c78f704d3d22458c71d86605f51d62e3cc5306d22d66bb1df86c7274ad6c
    name: perl-Pod-Perldoc
    evr: 3.28-396.el8
    sourcerpm: perl-Pod-Perldoc-3.28-396.el8.src.rpm
  - url: https://cdn-ubi.redhat.com/content/public/ubi/dist/ubi8/8/x86_64/baseos/os/Packages/p/perl-Pod-Simple-3.35-395.el8.noarch.rpm
    repoid: ubi-8-baseos-rpms
    size: 218284
    checksum: sha256:e17077c8803f792c02570b2768510b8e4955bd0ae68ab4930e7060fcbb3793f6
    name: perl-Pod-Simple
    evr: 1:3.35-395.el8
    sourcerpm: perl-Pod-Simple-3.35-395.el8.src.rpm
  - url: https://cdn-ubi.redhat.com/content/public/ubi/dist/ubi8/8/x86_64/baseos/os/Packages/p/perl-Pod-Usage-1.69-395.el8.noarch.rpm
    repoid: ubi-8-baseos-rpms
    size: 35300
    checksum: sha256:f727e7919c662ae990d02ad2a6299ed3161ad7522587c11441477aae03549f06
    name: perl-Pod-Usage
    evr: 4:1.69-395.el8
    sourcerpm: perl-Pod-Usage-1.69-395.el8.src.rpm
  - url: https://cdn-ubi.redhat.com/content/public/ubi/dist/ubi8/8/x86_64/baseos/os/Packages/p/perl-Scalar-List-Utils-1.49-2.el8.x86_64.rpm
    repoid: ubi-8-baseos-rpms
    size: 69428
    checksum: sha256:fbc4b08c066f448d213ba5acbcf20a8931c419d2238bc0fe5dd39f71bdf9b30d
    name: perl-Scalar-List-Utils
    evr: 3:1.49-2.el8
    sourcerpm: perl-Scalar-List-Utils-1.49-2.el8.src.rpm
  - url: https://cdn-ubi.redhat.com/content/public/ubi/dist/ubi8/8/x86_64/baseos/os/Packages/p/perl-Socket-2.027-3.el8.x86_64.rpm
    repoid: ubi-8-baseos-rpms
    size: 60224
    checksum: sha256:cec7c0d124dc281ef4befe001bceabbeba83c5bf05c9a4430102b490cc8bf8e8
    name: perl-Socket
    evr: 4:2.027-3.el8
    sourcerpm: perl-Socket-2.027-3.el8.src.rpm
  - url: https://cdn-ubi.redhat.com/content/public/ubi/dist/ubi8/8/x86_64/baseos/os/Packages/p/perl-Storable-3.11-3.el8.x86_64.rpm
    repoid: ubi-8-baseos-rpms
    size: 100672
    checksum: sha256:ceb9382fbfb2bda85764ea055ffdad26a202c5d8744d867472eb75020060a5aa
    name: perl-Storable
    evr: 1:3.11-3.el8
    sourcerpm: perl-Storable-3.11-3.el8.src.rpm
  - url: https://cdn-ubi.redhat.com/content/public/ubi/dist/ubi8/8/x86_64/baseos/os/Packages/p/perl-Term-ANSIColor-4.06-396.el8.noarch.rpm
    repoid: ubi-8-baseos-rpms
    size: 47120
    checksum: sha256:657efda777af4b0d63ab127a72f3373c0d8a18f3b81e912b24a5fbdc9927dc1e
    name: perl-Term-ANSIColor
    evr: 4.06-396.el8
    sourcerpm: perl-Term-ANSIColor-4.06-396.el8.src.rpm
  - url: https://cdn-ubi.redhat.com/content/public/ubi/dist/ubi8/8/x86_64/baseos/os/Packages/p/perl-Term-Cap-1.17-395.el8.noarch.rpm
    repoid: ubi-8-baseos-rpms
    size: 23368
    checksum: sha256:41c0f3ea7c7c2f21b5ccb0432db2c1b916ae34691a57f0b7bcb5a09dc7d8fafc
    name: perl-Term-Cap
    evr: 1.17-395.el8
    sourcerpm: perl-Term-Cap-1.17-395.el8.src.rpm
  - url: https://cdn-ubi.redhat.com/content/public/ubi/dist/ubi8/8/x86_64/baseos/os/Packages/p/perl-Text-ParseWords-3.30-395.el8.noarch.rpm
    repoid: ubi-8-baseos-rpms
    size: 18372
    checksum: sha256:25ff1ab94430493bde65da6a800bb2638edc64dca38971eba2c798475cc18b97
    name: perl-Text-ParseWords
    evr: 3.30-395.el8
    sourcerpm: perl-Text-ParseWords-3.30-395.el8.src.rpm
  - url: https://cdn-ubi.redhat.com/content/public/ubi/dist/ubi8/8/x86_64/baseos/os/Packages/p/perl-Text-Tabs+Wrap-2013.0523-395.el8.noarch.rpm
    repoid: ubi-8-baseos-rpms
    size: 24736
    checksum: sha256:7e078a375d2636b705e1734be79a8b76a306f8578066c901713663e367925bc7
    name: perl-Text-Tabs+Wrap
    evr: 2013.0523-395.el8
    sourcerpm: perl-Text-Tabs+Wrap-2013.0523-395.el8.src.rpm
  - url: https://cdn-ubi.redhat.com/content/public/ubi/dist/ubi8/8/x86_64/baseos/os/Packages/p/perl-Time-Local-1.280-1.el8.noarch.rpm
    repoid: ubi-8-baseos-rpms
    size: 34328
    checksum: sha256:4019e427bf69ed70e3a3cdfdcdd6771bcee1484f8e83bb69539a9e6530baddf1
    name: perl-Time-Local
    evr: 1:1.280-1.el8
    sourcerpm: perl-Time-Local-1.280-1.el8.src.rpm
  - url: https://cdn-ubi.redhat.com/content/public/ubi/dist/ubi8/8/x86_64/baseos/os/Packages/p/perl-Unicode-Normalize-1.25-396.el8.x86_64.rpm
    repoid: ubi-8-baseos-rpms
    size: 83844
    checksum: sha256:e2ad63f39d3e929d08f4938fb325a861bfa19715a3701dfceb06391d18ef3c42
    name: perl-Unicode-Normalize
    evr: 1.25-396.el8
    sourcerpm: perl-Unicode-Normalize-1.25-396.el8.src.rpm
  - url: https://cdn-ubi.redhat.com/content/public/ubi/dist/ubi8/8/x86_64/baseos/os/Packages/p/perl-constant-1.33-396.el8.noarch.rpm
    repoid: ubi-8-baseos-rpms
    size: 25956
    checksum: sha256:36798d9e979c9976ed66e23b3c8bda6250c4e80e411afe55c3942291cb4cb4ce
    name: perl-constant
    evr: 1.33-396.el8
    sourcerpm: perl-constant-1.33-396.el8.src.rpm
  - url: https://cdn-ubi.redhat.com/content/public/ubi/dist/ubi8/8/x86_64/baseos/os/Packages/p/perl-interpreter-5.26.3-422.el8.x86_64.rpm
    repoid: ubi-8-baseos-rpms
    size: 6622284
    checksum: sha256:1d041e2c086d3ca598a780715a15e6dd34583f5e03add5c55e1da677e9b1746c
    name: perl-interpreter
    evr: 4:5.26.3-422.el8
    sourcerpm: perl-5.26.3-422.el8.src.rpm
  - url: https://cdn-ubi.redhat.com/content/public/ubi/dist/ubi8/8/x86_64/baseos/os/Packages/p/perl-libs-5.26.3-422.el8.x86_64.rpm
    repoid: ubi-8-baseos-rpms
    size: 1633888
    checksum: sha256:1fd03ff6a45935df8f1c93d8dd4919d46aba52ebb0d3b2dbab1bde85607c72a9
    name: perl-libs
    evr: 4:5.26.3-422.el8
    sourcerpm: perl-5.26.3-422.el8.src.rpm
  - url: https://cdn-ubi.redhat.com/content/public/ubi/dist/ubi8/8/x86_64/baseos/os/Packages/p/perl-macros-5.26.3-422.el8.x86_64.rpm
    repoid: ubi-8-baseos-rpms
    size: 74284
    checksum: sha256:9e8e213d365f3f4d2eb49da38757fc0798c5263af8d441b7df0bab1762f98f7b
    name: perl-macros
    evr: 4:5.26.3-422.el8
    sourcerpm: perl-5.26.3-422.el8.src.rpm
  - url: https://cdn-ubi.redhat.com/content/public/ubi/dist/ubi8/8/x86_64/baseos/os/Packages/p/perl-parent-0.237-1.el8.noarch.rpm
    repoid: ubi-8-baseos-rpms
    size: 20520
    checksum: sha256:abe578c5dee7c306812e241c77ebc8ba4b54f90df8e65c56f8f202ba6e0d7183
    name: perl-parent
    evr: 1:0.237-1.el8
    sourcerpm: perl-parent-0.237-1.el8.src.rpm
  - url: https://cdn-ubi.redhat.com/content/public/ubi/dist/ubi8/8/x86_64/baseos/os/Packages/p/perl-podlators-4.11-1.el8.noarch.rpm
    repoid: ubi-8-baseos-rpms
    size: 120828
    checksum: sha256:4811ab95c1d50ef7380e2c5937ae4490f8e28f56cf787c189437d1709e4423fb
    name: perl-podlators
    evr: 4.11-1.el8
    sourcerpm: perl-podlators-4.11-1.el8.src.rpm
  - url: https://cdn-ubi.redhat.com/content/public/ubi/dist/ubi8/8/x86_64/baseos/os/Packages/p/perl-threads-2.21-2.el8.x86_64.rpm
    repoid: ubi-8-baseos-rpms
    size: 62692
    checksum: sha256:0d3f8e14265aa162bfcec4aff8064fa26188f1e51e897f20760bab906a9f9e5e
    name: perl-threads
    evr: 1:2.21-2.el8
    sourcerpm: perl-threads-2.21-2.el8.src.rpm
  - url: https://cdn-ubi.redhat.com/content/public/ubi/dist/ubi8/8/x86_64/baseos/os/Packages/p/perl-threads-shared-1.58-2.el8.x86_64.rpm
    repoid: ubi-8-baseos-rpms
    size: 48800
    checksum: sha256:78af5e69d8a6b9dd041ec748e7401ed6f0ce80f2003f43a7723816d0b2aa4c69
    name: perl-threads-shared
    evr: 1.58-2.el8
    sourcerpm: perl-threads-shared-1.58-2.el8.src.rpm
  - url: https://cdn-ubi.redhat.com/content/public/ubi/dist/ubi8/8/x86_64/baseos/os/Packages/p/platform-python-pip-9.0.3-24.el8.noarch.rpm
    repoid: ubi-8-baseos-rpms
    size: 1633024
    checksum: sha256:a9104ca3388b74f665c2648cde81043cc7748bf1ca5a7f2a4148b86013206fc8
    name: platform-python-pip
    evr: 9.0.3-24.el8
    sourcerpm: python-pip-9.0.3-24.el8.src.rpm
  - url: https://cdn-ubi.redhat.com/content/public/ubi/dist/ubi8/8/x86_64/baseos/os/Packages/p/policycoreutils-2.9-26.el8_10.x86_64.rpm
    repoid: ubi-8-baseos-rpms
    size: 385980
    checksum: sha256:9cea1d9d40ae47e719f74297b2f2f03a2a270bf18463db5690c089d1e7c72e2b
    name: policycoreutils
    evr: 2.9-26.el8_10
    sourcerpm: policycoreutils-2.9-26.el8_10.src.rpm
  - url: https://cdn-ubi.redhat.com/content/public/ubi/dist/ubi8/8/x86_64/baseos/os/Packages/p/policycoreutils-python-utils-2.9-26.el8_10.noarch.rpm
    repoid: ubi-8-baseos-rpms
    size: 260136
    checksum: sha256:e3df32bac578e129afabf19d6e4317baeabd33aa2d682cf4bd14ca8f7d21cd9b
    name: policycoreutils-python-utils
    evr: 2.9-26.el8_10
    sourcerpm: policycoreutils-2.9-26.el8_10.src.rpm
  - url: https://cdn-ubi.redhat.com/content/public/ubi/dist/ubi8/8/x86_64/baseos/os/Packages/p/procps-ng-3.3.15-14.el8.x86_64.rpm
    repoid: ubi-8-baseos-rpms
    size: 337976
    checksum: sha256:04ecbee4e131df365e8beadc54b4610ccaecf445d9541ebb5e40a2394a6bb023
    name: procps-ng
    evr: 3.3.15-14.el8
    sourcerpm: procps-ng-3.3.15-14.el8.src.rpm
  - url: https://cdn-ubi.redhat.com/content/public/ubi/dist/ubi8/8/x86_64/baseos/os/Packages/p/python3-audit-3.1.2-1.el8.x86_64.rpm
    repoid: ubi-8-baseos-rpms
    size: 90072
    checksum: sha256:d3e9f1abf8c6b1b7cf694af628e32ada5de0762ab86fc85b8c3ddab3bceb7460
    name: python3-audit
    evr: 3.1.2-1.el8
    sourcerpm: audit-3.1.2-1.el8.src.rpm
  - url: https://cdn-ubi.redhat.com/content/public/ubi/dist/ubi8/8/x86_64/baseos/os/Packages/p/python3-libselinux-2.9-8.el8.x86_64.rpm
    repoid: ubi-8-baseos-rpms
    size: 290072
    checksum: sha256:57362a029c66ab76fdb1e9921b5cc250a4cdb1f62aadf24046f7aec9137d0fd1
    name: python3-libselinux
    evr: 2.9-8.el8
    sourcerpm: libselinux-2.9-8.el8.src.rpm
  - url: https://cdn-ubi.redhat.com/content/public/ubi/dist/ubi8/8/x86_64/baseos/os/Packages/p/python3-libsemanage-2.9-9.el8_6.x86_64.rpm
    repoid: ubi-8-baseos-rpms
    size: 131448
    checksum: sha256:91737b3375c1ec6f37ae89654adc50c5a9948719aae32a4f95d27ad68278e74c
    name: python3-libsemanage
    evr: 2.9-9.el8_6
    sourcerpm: libsemanage-2.9-9.el8_6.src.rpm
  - url: https://cdn-ubi.redhat.com/content/public/ubi/dist/ubi8/8/x86_64/baseos/os/Packages/p/python3-policycoreutils-2.9-26.el8_10.noarch.rpm
    repoid: ubi-8-baseos-rpms
    size: 2361536
    checksum: sha256:74830604bec576ec360884a34ffafd4ca9d950f41177e1ae78a9c1445dbc9069
    name: python3-policycoreutils
    evr: 2.9-26.el8_10
    sourcerpm: policycoreutils-2.9-26.el8_10.src.rpm
  - url: https://cdn-ubi.redhat.com/content/public/ubi/dist/ubi8/8/x86_64/baseos/os/Packages/p/python3-setools-4.3.0-5.el8.x86_64.rpm
    repoid: ubi-8-baseos-rpms
    size: 642232
    checksum: sha256:e862d0fd1b2f24e76f1e7d4032faf58530f3db8931967547c5f42e90d2a97f61
    name: python3-setools
    evr: 4.3.0-5.el8
    sourcerpm: setools-4.3.0-5.el8.src.rpm
  - url: https://cdn-ubi.redhat.com/content/public/ubi/dist/ubi8/8/x86_64/baseos/os/Packages/p/python3-setuptools-39.2.0-8.el8_10.noarch.rpm
    repoid: ubi-8-baseos-rpms
    size: 166796
    checksum: sha256:6bc3a23645fe60bcd5d1ec3072ac521b54f2bc18652e35e91acf56ade1722a26
    name: python3-setuptools
    evr: 39.2.0-8.el8_10
    sourcerpm: python-setuptools-39.2.0-8.el8_10.src.rpm
  - url: https://cdn-ubi.redhat.com/content/public/ubi/dist/ubi8/8/x86_64/baseos/os/Packages/r/rsync-3.1.3-19.el8_7.1.x86_64.rpm
    repoid: ubi-8-baseos-rpms
    size: 420156
    checksum: sha256:7aef9de61fbf590995b07d92f99a3f3478d6c0543d7a6e1ebb6f4b1c02334283
    name: rsync
    evr: 3.1.3-19.el8_7.1
    sourcerpm: rsync-3.1.3-19.el8_7.1.src.rpm
  - url: https://cdn-ubi.redhat.com/content/public/ubi/dist/ubi8/8/x86_64/baseos/os/Packages/t/tcl-8.6.8-2.el8.x86_64.rpm
    repoid: ubi-8-baseos-rpms
    size: 1163572
    checksum: sha256:b01883915ae99b73b0670187251efc3ef6d6375fb68e6ce75e7c8e841d8102c6
    name: tcl
    evr: 1:8.6.8-2.el8
    sourcerpm: tcl-8.6.8-2.el8.src.rpm
  - url: https://cdn-ubi.redhat.com/content/public/ubi/dist/ubi8/8/x86_64/baseos/os/Packages/u/unzip-6.0-46.el8.x86_64.rpm
    repoid: ubi-8-baseos-rpms
    size: 200568
    checksum: sha256:af382b8bbb076e8662abf092c89ddd233796c6b8ed201d37fbcfcc07824295dd
    name: unzip
    evr: 6.0-46.el8
    sourcerpm: unzip-6.0-46.el8.src.rpm
  source: []
  module_metadata:
  - url: https://cdn-ubi.redhat.com/content/public/ubi/dist/ubi8/8/x86_64/appstream/os/repodata/902aeeaa3dcd8675eeeb2daa8af1b6d5bfac9356476e0aef08b4b3db628308e2-modules.yaml.gz
    repoid: ubi-8-appstream-rpms
    size: 59037
    checksum: sha256:902aeeaa3dcd8675eeeb2daa8af1b6d5bfac9356476e0aef08b4b3db628308e2